
Microsoft Visual Studio Solution File, Format Version 12.00
# Visual Studio Version 16
VisualStudioVersion = 16.0.28527.54
MinimumVisualStudioVersion = 10.0.40219.1
Project("{9A19103F-16F7-4668-BE54-9A1E7A4F7556}") = "lin2db-column-mapping", "lin2db-column-mapping.csproj", "{CAEAE35A-8ED1-4E5F-8D19-6C9684E796F9}"
EndProject
Global
	GlobalSection(SolutionConfigurationPlatforms) = preSolution
		Debug|Any CPU = Debug|Any CPU
		Release|Any CPU = Release|Any CPU
	EndGlobalSection
	GlobalSection(ProjectConfigurationPlatforms) = postSolution
		{CAEAE35A-8ED1-4E5F-8D19-6C9684E796F9}.Debug|Any CPU.ActiveCfg = Debug|Any CPU
		{CAEAE35A-8ED1-4E5F-8D19-6C9684E796F9}.Debug|Any CPU.Build.0 = Debug|Any CPU
		{CAEAE35A-8ED1-4E5F-8D19-6C9684E796F9}.Release|Any CPU.ActiveCfg = Release|Any CPU
		{CAEAE35A-8ED1-4E5F-8D19-6C9684E796F9}.Release|Any CPU.Build.0 = Release|Any CPU
	EndGlobalSection
	GlobalSection(SolutionProperties) = preSolution
		HideSolutionNode = FALSE
	EndGlobalSection
	GlobalSection(ExtensibilityGlobals) = postSolution
		SolutionGuid = {72E9ECD6-105B-4B66-AFFC-204E41AEB622}
	EndGlobalSection
EndGlobal
